
Microsoft Visual Studio Solution File, Format Version 12.00
# Visual Studio Version 17
VisualStudioVersion = 17.13.35825.156 d17.13
MinimumVisualStudioVersion = 10.0.40219.1
Project("{8BC9CEB8-8B4A-11D0-8D11-00A0C91BC942}") = "Classification", "Classification.vcxproj", "{20BE49DF-A51D-442F-BB36-DD383980D052}"
EndProject
Global
	GlobalSection(SolutionConfigurationPlatforms) = preSolution
		Debug|x64 = Debug|x64
		Debug|x86 = Debug|x86
		Release|x64 = Release|x64
		Release|x86 = Release|x86
	EndGlobalSection
	GlobalSection(ProjectConfigurationPlatforms) = postSolution
		{20BE49DF-A51D-442F-BB36-DD383980D052}.Debug|x64.ActiveCfg = Debug|x64
		{20BE49DF-A51D-442F-BB36-DD383980D052}.Debug|x64.Build.0 = Debug|x64
		{20BE49DF-A51D-442F-BB36-DD383980D052}.Debug|x86.ActiveCfg = Debug|Win32
		{20BE49DF-A51D-442F-BB36-DD383980D052}.Debug|x86.Build.0 = Debug|Win32
		{20BE49DF-A51D-442F-BB36-DD383980D052}.Release|x64.ActiveCfg = Release|x64
		{20BE49DF-A51D-442F-BB36-DD383980D052}.Release|x64.Build.0 = Release|x64
		{20BE49DF-A51D-442F-BB36-DD383980D052}.Release|x86.ActiveCfg = Release|Win32
		{20BE49DF-A51D-442F-BB36-DD383980D052}.Release|x86.Build.0 = Release|Win32
	EndGlobalSection
	GlobalSection(SolutionProperties) = preSolution
		HideSolutionNode = FALSE
	EndGlobalSection
	GlobalSection(ExtensibilityGlobals) = postSolution
		SolutionGuid = {9CBAAA69-5382-4653-A788-D85C29EEFDD8}
	EndGlobalSection
EndGlobal
