
Microsoft Visual Studio Solution File, Format Version 12.00
# Visual Studio Version 17
VisualStudioVersion = 17.13.35825.156 d17.13
MinimumVisualStudioVersion = 10.0.40219.1
Project("{8BC9CEB8-8B4A-11D0-8D11-00A0C91BC942}") = "Object_Detection", "Object_Detection.vcxproj", "{64E2F7F1-75D8-4440-B35F-9D52867851BD}"
EndProject
Global
	GlobalSection(SolutionConfigurationPlatforms) = preSolution
		Debug|x64 = Debug|x64
		Debug|x86 = Debug|x86
		Release|x64 = Release|x64
		Release|x86 = Release|x86
	EndGlobalSection
	GlobalSection(ProjectConfigurationPlatforms) = postSolution
		{64E2F7F1-75D8-4440-B35F-9D52867851BD}.Debug|x64.ActiveCfg = Debug|x64
		{64E2F7F1-75D8-4440-B35F-9D52867851BD}.Debug|x64.Build.0 = Debug|x64
		{64E2F7F1-75D8-4440-B35F-9D52867851BD}.Debug|x86.ActiveCfg = Debug|Win32
		{64E2F7F1-75D8-4440-B35F-9D52867851BD}.Debug|x86.Build.0 = Debug|Win32
		{64E2F7F1-75D8-4440-B35F-9D52867851BD}.Release|x64.ActiveCfg = Release|x64
		{64E2F7F1-75D8-4440-B35F-9D52867851BD}.Release|x64.Build.0 = Release|x64
		{64E2F7F1-75D8-4440-B35F-9D52867851BD}.Release|x86.ActiveCfg = Release|Win32
		{64E2F7F1-75D8-4440-B35F-9D52867851BD}.Release|x86.Build.0 = Release|Win32
	EndGlobalSection
	GlobalSection(SolutionProperties) = preSolution
		HideSolutionNode = FALSE
	EndGlobalSection
	GlobalSection(ExtensibilityGlobals) = postSolution
		SolutionGuid = {C2000EA1-BC83-47C9-A220-5363D802BECE}
	EndGlobalSection
EndGlobal
